// !$*UTF8*$!
{
	archiveVersion = 1;
	classes = {
	};
	objectVersion = 50;
	objects = {

/* Begin PBXBuildFile section */
		2320930621E8A3C700EBC3A1 /* AppDelegate.swift in Sources */ = {isa = PBXBuildFile; fileRef = 2320930521E8A3C700EBC3A1 /* AppDelegate.swift */; };
		2320930821E8A3C700EBC3A1 /* ViewController.swift in Sources */ = {isa = PBXBuildFile; fileRef = 2320930721E8A3C700EBC3A1 /* ViewController.swift */; };
		2320930B21E8A3C700EBC3A1 /* Main.storyboard in Resources */ = {isa = PBXBuildFile; fileRef = 2320930921E8A3C700EBC3A1 /* Main.storyboard */; };
		2320930D21E8A3C800EBC3A1 /* Assets.xcassets in Resources */ = {isa = PBXBuildFile; fileRef = 2320930C21E8A3C800EBC3A1 /* Assets.xcassets */; };
		2320931021E8A3C800EBC3A1 /* LaunchScreen.storyboard in Resources */ = {isa = PBXBuildFile; fileRef = 2320930E21E8A3C800EBC3A1 /* LaunchScreen.storyboard */; };
		2320931821E8A9AA00EBC3A1 /* LoginScreen.swift in Sources */ = {isa = PBXBuildFile; fileRef = 2320931721E8A9AA00EBC3A1 /* LoginScreen.swift */; };
/* End PBXBuildFile section */

/* Begin PBXFileReference section */
		2320930221E8A3C700EBC3A1 /* GitUsesDmeo.app */ = {isa = PBXFileReference; explicitFileType = wrapper.application; includeInIndex = 0; path = GitUsesDmeo.app; sourceTree = BUILT_PRODUCTS_DIR; };
		2320930521E8A3C700EBC3A1 /* AppDelegate.swift */ = {isa = PBXFileReference; lastKnownFileType = sourcecode.swift; path = AppDelegate.swift; sourceTree = "<group>"; };
		2320930721E8A3C700EBC3A1 /* ViewController.swift */ = {isa = PBXFileReference; lastKnownFileType = sourcecode.swift; path = ViewController.swift; sourceTree = "<group>"; };
		2320930A21E8A3C700EBC3A1 /* Base */ = {isa = PBXFileReference; lastKnownFileType = file.storyboard; name = Base; path = Base.lproj/Main.storyboard; sourceTree = "<group>"; };
		2320930C21E8A3C800EBC3A1 /* Assets.xcassets */ = {isa = PBXFileReference; lastKnownFileType = folder.assetcatalog; path = Assets.xcassets; sourceTree = "<group>"; };
		2320930F21E8A3C800EBC3A1 /* Base */ = {isa = PBXFileReference; lastKnownFileType = file.storyboard; name = Base; path = Base.lproj/LaunchScreen.storyboard; sourceTree = "<group>"; };
		2320931121E8A3C800EBC3A1 /* Info.plist */ = {isa = PBXFileReference; lastKnownFileType = text.plist.xml; path = Info.plist; sourceTree = "<group>"; };
		2320931721E8A9AA00EBC3A1 /* LoginScreen.swift */ = {isa = PBXFileReference; lastKnownFileType = sourcecode.swift; path = LoginScreen.swift; sourceTree = "<group>"; };
/* End PBXFileReference section */

/* Begin PBXFrameworksBuildPhase section */
		232092FF21E8A3C700EBC3A1 /* Frameworks */ = {
			isa = PBXFrameworksBuildPhase;
			buildActionMask = 2147483647;
			files = (
			);
			runOnlyForDeploymentPostprocessing = 0;
		};
/* End PBXFrameworksBuildPhase section */

/* Begin PBXGroup section */
		232092F921E8A3C700EBC3A1 = {
			isa = PBXGroup;
			children = (
				2320930421E8A3C700EBC3A1 /* GitUsesDmeo */,
				2320930321E8A3C700EBC3A1 /* Products */,
			);
			sourceTree = "<group>";
		};
		2320930321E8A3C700EBC3A1 /* Products */ = {
			isa = PBXGroup;
			children = (
				2320930221E8A3C700EBC3A1 /* GitUsesDmeo.app */,
			);
			name = Products;
			sourceTree = "<group>";
		};
		2320930421E8A3C700EBC3A1 /* GitUsesDmeo */ = {
			isa = PBXGroup;
			children = (
				2320930521E8A3C700EBC3A1 /* AppDelegate.swift */,
				2320930721E8A3C700EBC3A1 /* ViewController.swift */,
				2320930921E8A3C700EBC3A1 /* Main.storyboard */,
				2320930C21E8A3C800EBC3A1 /* Assets.xcassets */,
				2320930E21E8A3C800EBC3A1 /* LaunchScreen.storyboard */,
				2320931121E8A3C800EBC3A1 /* Info.plist */,
				2320931721E8A9AA00EBC3A1 /* LoginScreen.swift */,
			);
			path = GitUsesDmeo;
			sourceTree = "<group>";
		};
/* End PBXGroup section */

/* Begin PBXNativeTarget section */
		2320930121E8A3C700EBC3A1 /* GitUsesDmeo */ = {
			isa = PBXNativeTarget;
			buildConfigurationList = 2320931421E8A3C800EBC3A1 /* Build configuration list for PBXNativeTarget "GitUsesDmeo" */;
			buildPhases = (
				232092FE21E8A3C700EBC3A1 /* Sources */,
				232092FF21E8A3C700EBC3A1 /* Frameworks */,
				2320930021E8A3C700EBC3A1 /* Resources */,
			);
			buildRules = (
			);
			dependencies = (
			);
			name = GitUsesDmeo;
			productName = GitUsesDmeo;
			productReference = 2320930221E8A3C700EBC3A1 /* GitUsesDmeo.app */;
			productType = "com.apple.product-type.application";
		};
/* End PBXNativeTarget section */

/* Begin PBXProject section */
		232092FA21E8A3C700EBC3A1 /* Project object */ = {
			isa = PBXProject;
			attributes = {
				LastSwiftUpdateCheck = 1000;
				LastUpgradeCheck = 1000;
				ORGANIZATIONNAME = "Jitendra Patil";
				TargetAttributes = {
					2320930121E8A3C700EBC3A1 = {
						CreatedOnToolsVersion = 10.0;
					};
				};
			};
			buildConfigurationList = 232092FD21E8A3C700EBC3A1 /* Build configuration list for PBXProject "GitUsesDmeo" */;
			compatibilityVersion = "Xcode 9.3";
			developmentRegion = en;
			hasScannedForEncodings = 0;
			knownRegions = (
				en,
				Base,
			);
			mainGroup = 232092F921E8A3C700EBC3A1;
			productRefGroup = 2320930321E8A3C700EBC3A1 /* Products */;
			projectDirPath = "";
			projectRoot = "";
			targets = (
				2320930121E8A3C700EBC3A1 /* GitUsesDmeo */,
			);
		};
/* End PBXProject section */

/* Begin PBXResourcesBuildPhase section */
		2320930021E8A3C700EBC3A1 /* Resources */ = {
			isa = PBXResourcesBuildPhase;
			buildActionMask = 2147483647;
			files = (
				2320931021E8A3C800EBC3A1 /* LaunchScreen.storyboard in Resources */,
				2320930D21E8A3C800EBC3A1 /* Assets.xcassets in Resources */,
				2320930B21E8A3C700EBC3A1 /* Main.storyboard in Resources */,
			);
			runOnlyForDeploymentPostprocessing = 0;
		};
/* End PBXResourcesBuildPhase section */

/* Begin PBXSourcesBuildPhase section */
		232092FE21E8A3C700EBC3A1 /* Sources */ = {
			isa = PBXSourcesBuildPhase;
			buildActionMask = 2147483647;
			files = (
				2320930821E8A3C700EBC3A1 /* ViewController.swift in Sources */,
				2320930621E8A3C700EBC3A1 /* AppDelegate.swift in Sources */,
				2320931821E8A9AA00EBC3A1 /* LoginScreen.swift in Sources */,
			);
			runOnlyForDeploymentPostprocessing = 0;
		};
/* End PBXSourcesBuildPhase section */

/* Begin PBXVariantGroup section */
		2320930921E8A3C700EBC3A1 /* Main.storyboard */ = {
			isa = PBXVariantGroup;
			children = (
				2320930A21E8A3C700EBC3A1 /* Base */,
			);
			name = Main.storyboard;
			sourceTree = "<group>";
		};
		2320930E21E8A3C800EBC3A1 /* LaunchScreen.storyboard */ = {
			isa = PBXVariantGroup;
			children = (
				2320930F21E8A3C800EBC3A1 /* Base */,
			);
			name = LaunchScreen.storyboard;
			sourceTree = "<group>";
		};
/* End PBXVariantGroup section */

/* Begin XCBuildConfiguration section */
		2320931221E8A3C800EBC3A1 /* Debug */ = {
			isa = XCBuildConfiguration;
			buildSettings = {
				ALWAYS_SEARCH_USER_PATHS = NO;
				CLANG_ANALYZER_NONNULL = YES;
				CLANG_ANALYZER_NUMBER_OBJECT_CONVERSION = YES_AGGRESSIVE;
				CLANG_CXX_LANGUAGE_STANDARD = "gnu++14";
				CLANG_CXX_LIBRARY = "libc++";
				CLANG_ENABLE_MODULES = YES;
				CLANG_ENABLE_OBJC_ARC = YES;
				CLANG_ENABLE_OBJC_WEAK = YES;
				CLANG_WARN_BLOCK_CAPTURE_AUTORELEASING = YES;
				CLANG_WARN_BOOL_CONVERSION = YES;
				CLANG_WARN_COMMA = YES;
				CLANG_WARN_CONSTANT_CONVERSION = YES;
				CLANG_WARN_DEPRECATED_OBJC_IMPLEMENTATIONS = YES;
				CLANG_WARN_DIRECT_OBJC_ISA_USAGE = YES_ERROR;
				CLANG_WARN_DOCUMENTATION_COMMENTS = YES;
				CLANG_WARN_EMPTY_BODY = YES;
				CLANG_WARN_ENUM_CONVERSION = YES;
				CLANG_WARN_INFINITE_RECURSION = YES;
				CLANG_WARN_INT_CONVERSION = YES;
				CLANG_WARN_NON_LITERAL_NULL_CONVERSION = YES;
				CLANG_WARN_OBJC_IMPLICIT_RETAIN_SELF = YES;
				CLANG_WARN_OBJC_LITERAL_CONVERSION = YES;
				CLANG_WARN_OBJC_ROOT_CLASS = YES_ERROR;
				CLANG_WARN_RANGE_LOOP_ANALYSIS = YES;
				CLANG_WARN_STRICT_PROTOTYPES = YES;
				CLANG_WARN_SUSPICIOUS_MOVE = YES;
				CLANG_WARN_UNGUARDED_AVAILABILITY = YES_AGGRESSIVE;
				CLANG_WARN_UNREACHABLE_CODE = YES;
				CLANG_WARN__DUPLICATE_METHOD_MATCH = YES;
				CODE_SIGN_IDENTITY = "iPhone Developer";
				COPY_PHASE_STRIP = NO;
				DEBUG_INFORMATION_FORMAT = dwarf;
				ENABLE_STRICT_OBJC_MSGSEND = YES;
				ENABLE_TESTABILITY = YES;
				GCC_C_LANGUAGE_STANDARD = gnu11;
				GCC_DYNAMIC_NO_PIC = NO;
				GCC_NO_COMMON_BLOCKS = YES;
				GCC_OPTIMIZATION_LEVEL = 0;
				GCC_PREPROCESSOR_DEFINITIONS = (
					"DEBUG=1",
					"$(inherited)",
				);
				GCC_WARN_64_TO_32_BIT_CONVERSION = YES;
				GCC_WARN_ABOUT_RETURN_TYPE = YES_ERROR;
				GCC_WARN_UNDECLARED_SELECTOR = YES;
				GCC_WARN_UNINITIALIZED_AUTOS = YES_AGGRESSIVE;
				GCC_WARN_UNUSED_FUNCTION = YES;
				GCC_WARN_UNUSED_VARIABLE = YES;
				IPHONEOS_DEPLOYMENT_TARGET = 12.0;
				MTL_ENABLE_DEBUG_INFO = INCLUDE_SOURCE;
				MTL_FAST_MATH = YES;
				ONLY_ACTIVE_ARCH = YES;
				SDKROOT = iphoneos;
				SWIFT_ACTIVE_COMPILATION_CONDITIONS = DEBUG;
				SWIFT_OPTIMIZATION_LEVEL = "-Onone";
			};
			name = Debug;
		};
		2320931321E8A3C800EBC3A1 /* Release */ = {
			isa = XCBuildConfiguration;
			buildSettings = {
				ALWAYS_SEARCH_USER_PATHS = NO;
				CLANG_ANALYZER_NONNULL = YES;
				CLANG_ANALYZER_NUMBER_OBJECT_CONVERSION = YES_AGGRESSIVE;
				CLANG_CXX_LANGUAGE_STANDARD = "gnu++14";
				CLANG_CXX_LIBRARY = "libc++";
				CLANG_ENABLE_MODULES = YES;
				CLANG_ENABLE_OBJC_ARC = YES;
				CLANG_ENABLE_OBJC_WEAK = YES;
				CLANG_WARN_BLOCK_CAPTURE_AUTORELEASING = YES;
				CLANG_WARN_BOOL_CONVERSION = YES;
				CLANG_WARN_COMMA = YES;
				CLANG_WARN_CONSTANT_CONVERSION = YES;
				CLANG_WARN_DEPRECATED_OBJC_IMPLEMENTATIONS = YES;
				CLANG_WARN_DIRECT_OBJC_ISA_USAGE = YES_ERROR;
				CLANG_WARN_DOCUMENTATION_COMMENTS = YES;
				CLANG_WARN_EMPTY_BODY = YES;
				CLANG_WARN_ENUM_CONVERSION = YES;
				CLANG_WARN_INFINITE_RECURSION = YES;
				CLANG_WARN_INT_CONVERSION = YES;
				CLANG_WARN_NON_LITERAL_NULL_CONVERSION = YES;
				CLANG_WARN_OBJC_IMPLICIT_RETAIN_SELF = YES;
				CLANG_WARN_OBJC_LITERAL_CONVERSION = YES;
				CLANG_WARN_OBJC_ROOT_CLASS = YES_ERROR;
				CLANG_WARN_RANGE_LOOP_ANALYSIS = YES;
				CLANG_WARN_STRICT_PROTOTYPES = YES;
				CLANG_WARN_SUSPICIOUS_MOVE = YES;
				CLANG_WARN_UNGUARDED_AVAILABILITY = YES_AGGRESSIVE;
				CLANG_WARN_UNREACHABLE_CODE = YES;
				CLANG_WARN__DUPLICATE_METHOD_MATCH = YES;
				CODE_SIGN_IDENTITY = "iPhone Developer";
				COPY_PHASE_STRIP = NO;
				DEBUG_INFORMATION_FORMAT = "dwarf-with-dsym";
				ENABLE_NS_ASSERTIONS = NO;
				ENABLE_STRICT_OBJC_MSGSEND = YES;
				GCC_C_LANGUAGE_STANDARD = gnu11;
				GCC_NO_COMMON_BLOCKS = YES;
				GCC_WARN_64_TO_32_BIT_CONVERSION = YES;
				GCC_WARN_ABOUT_RETURN_TYPE = YES_ERROR;
				GCC_WARN_UNDECLARED_SELECTOR = YES;
				GCC_WARN_UNINITIALIZED_AUTOS = YES_AGGRESSIVE;
				GCC_WARN_UNUSED_FUNCTION = YES;
				GCC_WARN_UNUSED_VARIABLE = YES;
				IPHONEOS_DEPLOYMENT_TARGET = 12.0;
				MTL_ENABLE_DEBUG_INFO = NO;
				MTL_FAST_MATH = YES;
				SDKROOT = iphoneos;
				SWIFT_COMPILATION_MODE = wholemodule;
				SWIFT_OPTIMIZATION_LEVEL = "-O";
				VALIDATE_PRODUCT = YES;
			};
			name = Release;
		};
		2320931521E8A3C800EBC3A1 /* Debug */ = {
			isa = XCBuildConfiguration;
			buildSettings = {
				ASSETCATALOG_COMPILER_APPICON_NAME = AppIcon;
				CODE_SIGN_STYLE = Automatic;
				INFOPLIST_FILE = GitUsesDmeo/Info.plist;
				LD_RUNPATH_SEARCH_PATHS = (
					"$(inherited)",
					"@executable_path/Frameworks",
				);
				PRODUCT_BUNDLE_IDENTIFIER = www.acuitilabs.com.GitUsesDmeo;
				PRODUCT_NAME = "$(TARGET_NAME)";
				SWIFT_VERSION = 4.2;
				TARGETED_DEVICE_FAMILY = "1,2";
			};
			name = Debug;
		};
		2320931621E8A3C800EBC3A1 /* Release */ = {
			isa = XCBuildConfiguration;
			buildSettings = {
				ASSETCATALOG_COMPILER_APPICON_NAME = AppIcon;
				CODE_SIGN_STYLE = Automatic;
				INFOPLIST_FILE = GitUsesDmeo/Info.plist;
				LD_RUNPATH_SEARCH_PATHS = (
					"$(inherited)",
					"@executable_path/Frameworks",
				);
				PRODUCT_BUNDLE_IDENTIFIER = www.acuitilabs.com.GitUsesDmeo;
				PRODUCT_NAME = "$(TARGET_NAME)";
				SWIFT_VERSION = 4.2;
				TARGETED_DEVICE_FAMILY = "1,2";
			};
			name = Release;
		};
/* End XCBuildConfiguration section */

/* Begin XCConfigurationList section */
		232092FD21E8A3C700EBC3A1 /* Build configuration list for PBXProject "GitUsesDmeo" */ = {
			isa = XCConfigurationList;
			buildConfigurations = (
				2320931221E8A3C800EBC3A1 /* Debug */,
				2320931321E8A3C800EBC3A1 /* Release */,
			);
			defaultConfigurationIsVisible = 0;
			defaultConfigurationName = Release;
		};
		2320931421E8A3C800EBC3A1 /* Build configuration list for PBXNativeTarget "GitUsesDmeo" */ = {
			isa = XCConfigurationList;
			buildConfigurations = (
				2320931521E8A3C800EBC3A1 /* Debug */,
				2320931621E8A3C800EBC3A1 /* Release */,
			);
			defaultConfigurationIsVisible = 0;
			defaultConfigurationName = Release;
		};
/* End XCConfigurationList section */
	};
	rootObject = 232092FA21E8A3C700EBC3A1 /* Project object */;
}
